
Microsoft Visual Studio Solution File, Format Version 12.00
# Visual Studio 15
VisualStudioVersion = 15.0.27004.2008
MinimumVisualStudioVersion = 10.0.40219.1
Project("{FAE04EC0-301F-11D3-BF4B-00C04F79EFBC}") = "Lab 4 - Largest and Smallest Numbers", "Lab 4 - Largest and Smallest Numbers.csproj", "{8241D893-C1D3-44C9-A955-BA1D44991141}"
EndProject
Global
	GlobalSection(SolutionConfigurationPlatforms) = preSolution
		Debug|Any CPU = Debug|Any CPU
		Release|Any CPU = Release|Any CPU
	EndGlobalSection
	GlobalSection(ProjectConfigurationPlatforms) = postSolution
		{8241D893-C1D3-44C9-A955-BA1D44991141}.Debug|Any CPU.ActiveCfg = Debug|Any CPU
		{8241D893-C1D3-44C9-A955-BA1D44991141}.Debug|Any CPU.Build.0 = Debug|Any CPU
		{8241D893-C1D3-44C9-A955-BA1D44991141}.Release|Any CPU.ActiveCfg = Release|Any CPU
		{8241D893-C1D3-44C9-A955-BA1D44991141}.Release|Any CPU.Build.0 = Release|Any CPU
	EndGlobalSection
	GlobalSection(SolutionProperties) = preSolution
		HideSolutionNode = FALSE
	EndGlobalSection
	GlobalSection(ExtensibilityGlobals) = postSolution
		SolutionGuid = {8F0A018F-C0CB-464E-8391-99AF36D1501A}
	EndGlobalSection
EndGlobal
