
Microsoft Visual Studio Solution File, Format Version 12.00
# Visual Studio 15
VisualStudioVersion = 15.0.27004.2008
MinimumVisualStudioVersion = 10.0.40219.1
Project("{FAE04EC0-301F-11D3-BF4B-00C04F79EFBC}") = "Lab - 5 Games 23", "Lab - 5 Games 23.csproj", "{D8027930-699F-4ECD-86C0-79CD52896E53}"
EndProject
Global
	GlobalSection(SolutionConfigurationPlatforms) = preSolution
		Debug|Any CPU = Debug|Any CPU
		Release|Any CPU = Release|Any CPU
	EndGlobalSection
	GlobalSection(ProjectConfigurationPlatforms) = postSolution
		{D8027930-699F-4ECD-86C0-79CD52896E53}.Debug|Any CPU.ActiveCfg = Debug|Any CPU
		{D8027930-699F-4ECD-86C0-79CD52896E53}.Debug|Any CPU.Build.0 = Debug|Any CPU
		{D8027930-699F-4ECD-86C0-79CD52896E53}.Release|Any CPU.ActiveCfg = Release|Any CPU
		{D8027930-699F-4ECD-86C0-79CD52896E53}.Release|Any CPU.Build.0 = Release|Any CPU
	EndGlobalSection
	GlobalSection(SolutionProperties) = preSolution
		HideSolutionNode = FALSE
	EndGlobalSection
	GlobalSection(ExtensibilityGlobals) = postSolution
		SolutionGuid = {4F27E0C1-33C6-4B8D-B641-9ABA871165DC}
	EndGlobalSection
EndGlobal
