
Microsoft Visual Studio Solution File, Format Version 12.00
# Visual Studio 15
VisualStudioVersion = 15.0.27004.2008
MinimumVisualStudioVersion = 10.0.40219.1
Project("{FAE04EC0-301F-11D3-BF4B-00C04F79EFBC}") = "ConsoleApp1", "ConsoleApp1\ConsoleApp1.csproj", "{E55A0BE2-551F-4B7A-A55D-56890EBCFFC6}"
EndProject
Global
	GlobalSection(SolutionConfigurationPlatforms) = preSolution
		Debug|Any CPU = Debug|Any CPU
		Release|Any CPU = Release|Any CPU
	EndGlobalSection
	GlobalSection(ProjectConfigurationPlatforms) = postSolution
		{E55A0BE2-551F-4B7A-A55D-56890EBCFFC6}.Debug|Any CPU.ActiveCfg = Debug|Any CPU
		{E55A0BE2-551F-4B7A-A55D-56890EBCFFC6}.Debug|Any CPU.Build.0 = Debug|Any CPU
		{E55A0BE2-551F-4B7A-A55D-56890EBCFFC6}.Release|Any CPU.ActiveCfg = Release|Any CPU
		{E55A0BE2-551F-4B7A-A55D-56890EBCFFC6}.Release|Any CPU.Build.0 = Release|Any CPU
	EndGlobalSection
	GlobalSection(SolutionProperties) = preSolution
		HideSolutionNode = FALSE
	EndGlobalSection
	GlobalSection(ExtensibilityGlobals) = postSolution
		SolutionGuid = {D9D15B44-E601-4421-A2E0-6B231FBB6DFE}
	EndGlobalSection
EndGlobal
